<Solution>
  <Configurations>
    <Platform Name="Any CPU" />
    <Platform Name="x64" />
    <Platform Name="x86" />
  </Configurations>
  <Folder Name="/Examples/">
    <File Path="Examples/BCryptGenRandom.cpp" />
    <File Path="Examples/CryptoRand.go" />
    <File Path="Examples/Get-Random.ps1" />
    <File Path="Examples/LatencySource.html" />
    <File Path="Examples/LatencySource.js" />
    <File Path="Examples/MathRandom.lua" />
    <File Path="Examples/NodeCrypto.js" />
    <File Path="Examples/Rand.jl" />
    <File Path="Examples/Rand.m" />
    <File Path="Examples/Random.zig" />
    <File Path="Examples/RandomBytes.php" />
    <File Path="Examples/RandomNumber.f90" />
    <File Path="Examples/RandomNumberGenerator.cs" />
    <File Path="Examples/RandomNumberGenerator.fsx" />
    <File Path="Examples/RandomSecure.dart" />
    <File Path="Examples/RDRAND.c" />
    <File Path="Examples/RDSEED.rs" />
    <File Path="Examples/Reseeding.pas" />
    <File Path="Examples/RNDR.asm" />
    <File Path="Examples/runif.R" />
    <File Path="Examples/SecRandomCopyBytes.py" />
    <File Path="Examples/SecureRandom.java" />
    <File Path="Examples/SecureRandom.kt" />
    <File Path="Examples/SecureRandom.rb" />
    <File Path="Examples/SidNoise.asm" />
    <File Path="Examples/SidNoise.bas" />
    <File Path="Examples/StrongRand.exs" />
    <File Path="Examples/SystemRandom.hs" />
    <File Path="Examples/SystemRandom.swift" />
    <File Path="Examples/TimerBasedSeeding.vb" />
    <File Path="Examples/urandom.pl" />
    <File Path="Examples/Urandom.sh" />
  </Folder>
  <Folder Name="/GitHub/">
    <File Path=".gitattributes" />
    <File Path=".github/FUNDING.yml" />
    <File Path=".gitignore" />
    <File Path="LICENSE" />
    <File Path="Readme.md" />
  </Folder>
  <Folder Name="/GitHub/Workflows/">
    <File Path=".github/workflows/Build.yml" />
    <File Path=".github/workflows/UpdateVersions.pl" />
  </Folder>
  <Project Path="Randomizer/Randomizer.csproj">
    <BuildDependency Project="RandomNumberGenerators/RandomNumberGenerators.csproj" />
  </Project>
  <Project Path="RandomNumberGenerators.Tests/RandomNumberGenerators.Tests.csproj" />
  <Project Path="RandomNumberGenerators/RandomNumberGenerators.csproj" />
</Solution>
